lockfileVersion: 5.3

specifiers:
  '@types/core-js': ^2.5.5
  '@types/node': ^14.18.1
  '@types/node-fetch': ^2.5.12
  '@types/source-map-support': ^0.5.4
  core-js: ^3.20.0
  esbuild: ^0.12.29
  node-fetch: ^2.6.6
  raw-body: ^2.4.2
  source-map-support: ^0.5.21
  ts-node: ^9.1.1
  typescript: ^4.5.4

dependencies:
  core-js: 3.20.0
  node-fetch: 2.6.6
  raw-body: 2.4.2
  source-map-support: 0.5.21

devDependencies:
  '@types/core-js': 2.5.5
  '@types/node': 14.18.1
  '@types/node-fetch': 2.5.12
  '@types/source-map-support': 0.5.4
  esbuild: 0.12.29
  ts-node: 9.1.1_typescript@4.5.4
  typescript: 4.5.4

packages:

  /@types/core-js/2.5.5:
    resolution: {integrity: sha1-3FoBPuCyO9WsEmQDhU+tq7TyT3U=, tarball: '@types/core-js/download/@types/core-js-2.5.5.tgz'}
    dev: true

  /@types/node-fetch/2.5.12:
    resolution: {integrity: sha1-im93mx1OYLelf7b9SNhPtUW5zGY=, tarball: '@types/node-fetch/download/@types/node-fetch-2.5.12.tgz'}
    dependencies:
      '@types/node': 15.14.9
      form-data: 3.0.1
    dev: true

  /@types/node/14.18.1:
    resolution: {integrity: sha512-fTFWOFrgAkj737w1o0HLTIgisgYHnsZfeiqhG1Ltrf/iJjudEbUwetQAsfrtVE49JGwvpEzQR+EbMkIqG4227g==, tarball: '@types/node/download/@types/node-14.18.1.tgz'}
    dev: true

  /@types/node/15.14.9:
    resolution: {integrity: sha1-vEPJkMPJvnKBhou8e4/dbitXrfo=, tarball: '@types/node/download/@types/node-15.14.9.tgz'}
    dev: true

  /@types/source-map-support/0.5.4:
    resolution: {integrity: sha1-V0/2qGNrwOuueKgBQTb3SbMXfVg=, tarball: '@types/source-map-support/download/@types/source-map-support-0.5.4.tgz'}
    dependencies:
      source-map: 0.6.1
    dev: true

  /arg/4.1.3:
    resolution: {integrity: sha1-Jp/HrVuOQstjyJbVZmAXJhwUQIk=, tarball: arg/download/arg-4.1.3.tgz}
    dev: true

  /asynckit/0.4.0:
    resolution: {integrity: sha1-x57Zf380y48robyXkLzDZkdLS3k=, tarball: asynckit/download/asynckit-0.4.0.tgz}
    dev: true

  /buffer-from/1.1.2:
    resolution: {integrity: sha1-KxRqb9cugLT1XSVfNe1Zo6mkG9U=, tarball: buffer-from/download/buffer-from-1.1.2.tgz}

  /bytes/3.1.1:
    resolution: {integrity: sha512-dWe4nWO/ruEOY7HkUJ5gFt1DCFV9zPRoJr8pV0/ASQermOZjtq8jMjOprC0Kd10GLN+l7xaUPvxzJFWtxGu8Fg==, tarball: bytes/download/bytes-3.1.1.tgz}
    engines: {node: '>= 0.8'}
    dev: false

  /combined-stream/1.0.8:
    resolution: {integrity: sha1-w9RaizT9cwYxoRCoolIGgrMdWn8=, tarball: combined-stream/download/combined-stream-1.0.8.tgz}
    engines: {node: '>= 0.8'}
    dependencies:
      delayed-stream: 1.0.0
    dev: true

  /core-js/3.20.0:
    resolution: {integrity: sha512-KjbKU7UEfg4YPpskMtMXPhUKn7m/1OdTHTVjy09ScR2LVaoUXe8Jh0UdvN2EKUR6iKTJph52SJP95mAB0MnVLQ==, tarball: core-js/download/core-js-3.20.0.tgz}
    requiresBuild: true
    dev: false

  /create-require/1.1.1:
    resolution: {integrity: sha1-wdfo8eX2z8n/ZfnNNS03NIdWwzM=, tarball: create-require/download/create-require-1.1.1.tgz}
    dev: true

  /delayed-stream/1.0.0:
    resolution: {integrity: sha1-3zrhmayt+31ECqrgsp4icrJOxhk=, tarball: delayed-stream/download/delayed-stream-1.0.0.tgz}
    engines: {node: '>=0.4.0'}
    dev: true

  /depd/1.1.2:
    resolution: {integrity: sha1-m81S4UwJd2PnSbJ0xDRu0uVgtak=, tarball: depd/download/depd-1.1.2.tgz}
    engines: {node: '>= 0.6'}
    dev: false

  /diff/4.0.2:
    resolution: {integrity: sha1-YPOuy4nV+uUgwRqhnvwruYKq3n0=, tarball: diff/download/diff-4.0.2.tgz}
    engines: {node: '>=0.3.1'}
    dev: true

  /esbuild/0.12.29:
    resolution: {integrity: sha512-w/XuoBCSwepyiZtIRsKsetiLDUVGPVw1E/R3VTFSecIy8UR7Cq3SOtwKHJMFoVqqVG36aGkzh4e8BvpO1Fdc7g==, tarball: esbuild/download/esbuild-0.12.29.tgz}
    hasBin: true
    requiresBuild: true
    dev: true

  /form-data/3.0.1:
    resolution: {integrity: sha1-69U3kbeDVqma+aMA1CgsTV65dV8=, tarball: form-data/download/form-data-3.0.1.tgz}
    engines: {node: '>= 6'}
    dependencies:
      asynckit: 0.4.0
      combined-stream: 1.0.8
      mime-types: 2.1.34
    dev: true

  /http-errors/1.8.1:
    resolution: {integrity: sha512-Kpk9Sm7NmI+RHhnj6OIWDI1d6fIoFAtFt9RLaTMRlg/8w49juAStsrBgp0Dp4OdxdVbRIeKhtCUvoi/RuAhO4g==, tarball: http-errors/download/http-errors-1.8.1.tgz}
    engines: {node: '>= 0.6'}
    dependencies:
      depd: 1.1.2
      inherits: 2.0.4
      setprototypeof: 1.2.0
      statuses: 1.5.0
      toidentifier: 1.0.1
    dev: false

  /iconv-lite/0.4.24:
    resolution: {integrity: sha1-ICK0sl+93CHS9SSXSkdKr+czkIs=, tarball: iconv-lite/download/iconv-lite-0.4.24.tgz}
    engines: {node: '>=0.10.0'}
    dependencies:
      safer-buffer: 2.1.2
    dev: false

  /inherits/2.0.4:
    resolution: {integrity: sha1-D6LGT5MpF8NDOg3tVTY6rjdBa3w=, tarball: inherits/download/inherits-2.0.4.tgz}
    dev: false

  /make-error/1.3.6:
    resolution: {integrity: sha1-LrLjfqm2fEiR9oShOUeZr0hM96I=, tarball: make-error/download/make-error-1.3.6.tgz}
    dev: true

  /mime-db/1.51.0:
    resolution: {integrity: sha512-5y8A56jg7XVQx2mbv1lu49NR4dokRnhZYTtL+KGfaa27uq4pSTXkwQkFJl4pkRMyNFz/EtYDSkiiEHx3F7UN6g==, tarball: mime-db/download/mime-db-1.51.0.tgz}
    engines: {node: '>= 0.6'}
    dev: true

  /mime-types/2.1.34:
    resolution: {integrity: sha512-6cP692WwGIs9XXdOO4++N+7qjqv0rqxxVvJ3VHPh/Sc9mVZcQP+ZGhkKiTvWMQRr2tbHkJP/Yn7Y0npb3ZBs4A==, tarball: mime-types/download/mime-types-2.1.34.tgz?cache=0&sync_timestamp=1636436454904&other_urls=https%3A%2F%2Fregistry.npmmirror.com%2Fmime-types%2Fdownload%2Fmime-types-2.1.34.tgz}
    engines: {node: '>= 0.6'}
    dependencies:
      mime-db: 1.51.0
    dev: true

  /node-fetch/2.6.6:
    resolution: {integrity: sha1-F1GnwBg06OFpd1hzLp77burfr4k=, tarball: node-fetch/download/node-fetch-2.6.6.tgz}
    engines: {node: 4.x || >=6.0.0}
    dependencies:
      whatwg-url: 5.0.0
    dev: false

  /raw-body/2.4.2:
    resolution: {integrity: sha512-RPMAFUJP19WIet/99ngh6Iv8fzAbqum4Li7AD6DtGaW2RpMB/11xDoalPiJMTbu6I3hkbMVkATvZrqb9EEqeeQ==, tarball: raw-body/download/raw-body-2.4.2.tgz}
    engines: {node: '>= 0.8'}
    dependencies:
      bytes: 3.1.1
      http-errors: 1.8.1
      iconv-lite: 0.4.24
      unpipe: 1.0.0
    dev: false

  /safer-buffer/2.1.2:
    resolution: {integrity: sha1-RPoWGwGHuVSd2Eu5GAL5vYOFzWo=, tarball: safer-buffer/download/safer-buffer-2.1.2.tgz}
    dev: false

  /setprototypeof/1.2.0:
    resolution: {integrity: sha1-ZsmiSnP5/CjL5msJ/tPTPcrxtCQ=, tarball: setprototypeof/download/setprototypeof-1.2.0.tgz}
    dev: false

  /source-map-support/0.5.21:
    resolution: {integrity: sha512-uBHU3L3czsIyYXKX88fdrGovxdSCoTGDRZ6SYXtSRxLZUzHg5P/66Ht6uoUlHu9EZod+inXhKo3qQgwXUT/y1w==, tarball: source-map-support/download/source-map-support-0.5.21.tgz?cache=0&sync_timestamp=1637332000789&other_urls=https%3A%2F%2Fregistry.npmmirror.com%2Fsource-map-support%2Fdownload%2Fsource-map-support-0.5.21.tgz}
    dependencies:
      buffer-from: 1.1.2
      source-map: 0.6.1

  /source-map/0.6.1:
    resolution: {integrity: sha1-dHIq8y6WFOnCh6jQu95IteLxomM=, tarball: source-map/download/source-map-0.6.1.tgz?cache=0&sync_timestamp=1632822727980&other_urls=https%3A%2F%2Fregistry.npmmirror.com%2Fsource-map%2Fdownload%2Fsource-map-0.6.1.tgz}
    engines: {node: '>=0.10.0'}

  /statuses/1.5.0:
    resolution: {integrity: sha1-Fhx9rBd2Wf2YEfQ3cfqZOBR4Yow=, tarball: statuses/download/statuses-1.5.0.tgz}
    engines: {node: '>= 0.6'}
    dev: false

  /toidentifier/1.0.1:
    resolution: {integrity: sha512-o5sSPKEkg/DIQNmH43V0/uerLrpzVedkUh8tGNvaeXpfpuwjKenlSox/2O/BTlZUtEe+JG7s5YhEz608PlAHRA==, tarball: toidentifier/download/toidentifier-1.0.1.tgz}
    engines: {node: '>=0.6'}
    dev: false

  /tr46/0.0.3:
    resolution: {integrity: sha1-gYT9NH2snNwYWZLzpmIuFLnZq2o=, tarball: tr46/download/tr46-0.0.3.tgz}
    dev: false

  /ts-node/9.1.1_typescript@4.5.4:
    resolution: {integrity: sha1-UamkUKPpWUAb2l8ASnLVS5NtN20=, tarball: ts-node/download/ts-node-9.1.1.tgz?cache=0&sync_timestamp=1636438544846&other_urls=https%3A%2F%2Fregistry.npmmirror.com%2Fts-node%2Fdownload%2Fts-node-9.1.1.tgz}
    engines: {node: '>=10.0.0'}
    hasBin: true
    peerDependencies:
      typescript: '>=2.7'
    dependencies:
      arg: 4.1.3
      create-require: 1.1.1
      diff: 4.0.2
      make-error: 1.3.6
      source-map-support: 0.5.21
      typescript: 4.5.4
      yn: 3.1.1
    dev: true

  /typescript/4.5.4:
    resolution: {integrity: sha512-VgYs2A2QIRuGphtzFV7aQJduJ2gyfTljngLzjpfW9FoYZF6xuw1W0vW9ghCKLfcWrCFxK81CSGRAvS1pn4fIUg==, tarball: typescript/download/typescript-4.5.4.tgz}
    engines: {node: '>=4.2.0'}
    hasBin: true
    dev: true

  /unpipe/1.0.0:
    resolution: {integrity: sha1-sr9O6FFKrmFltIF4KdIbLvSZBOw=, tarball: unpipe/download/unpipe-1.0.0.tgz}
    engines: {node: '>= 0.8'}
    dev: false

  /webidl-conversions/3.0.1:
    resolution: {integrity: sha1-JFNCdeKnvGvnvIZhHMFq4KVlSHE=, tarball: webidl-conversions/download/webidl-conversions-3.0.1.tgz}
    dev: false

  /whatwg-url/5.0.0:
    resolution: {integrity: sha1-lmRU6HZUYuN2RNNib2dCzotwll0=, tarball: whatwg-url/download/whatwg-url-5.0.0.tgz}
    dependencies:
      tr46: 0.0.3
      webidl-conversions: 3.0.1
    dev: false

  /yn/3.1.1:
    resolution: {integrity: sha1-HodAGgnXZ8HV6rJqbkwYUYLS61A=, tarball: yn/download/yn-3.1.1.tgz}
    engines: {node: '>=6'}
    dev: true
